
Microsoft Visual Studio Solution File, Format Version 12.00
# Visual Studio 14
VisualStudioVersion = 14.0.25420.1
MinimumVisualStudioVersion = 10.0.40219.1
Project("{2150E333-8FDC-42A3-9474-1A3956D46DE8}") = "src", "src", "{D67297D6-2019-4E9D-A3C5-41041D6DA1DA}"
EndProject
Project("{2150E333-8FDC-42A3-9474-1A3956D46DE8}") = "Solution Items", "Solution Items", "{9FF43942-F9FF-420E-B119-332F89CB891F}"
	ProjectSection(SolutionItems) = preProject
		global.json = global.json
	EndProjectSection
EndProject
Project("{8BB2217D-0F2D-49D1-97BC-3654ED321F3B}") = "InJoiDashboard", "src\InJoiDashboard\InJoiDashboard.xproj", "{FEE02A48-D63D-4F55-9764-9A6748C36B43}"
EndProject
Global
	GlobalSection(SolutionConfigurationPlatforms) = preSolution
		Debug|Any CPU = Debug|Any CPU
		Release|Any CPU = Release|Any CPU
	EndGlobalSection
	GlobalSection(ProjectConfigurationPlatforms) = postSolution
		{FEE02A48-D63D-4F55-9764-9A6748C36B43}.Debug|Any CPU.ActiveCfg = Debug|Any CPU
		{FEE02A48-D63D-4F55-9764-9A6748C36B43}.Debug|Any CPU.Build.0 = Debug|Any CPU
		{FEE02A48-D63D-4F55-9764-9A6748C36B43}.Release|Any CPU.ActiveCfg = Release|Any CPU
		{FEE02A48-D63D-4F55-9764-9A6748C36B43}.Release|Any CPU.Build.0 = Release|Any CPU
	EndGlobalSection
	GlobalSection(SolutionProperties) = preSolution
		HideSolutionNode = FALSE
	EndGlobalSection
	GlobalSection(NestedProjects) = preSolution
		{FEE02A48-D63D-4F55-9764-9A6748C36B43} = {D67297D6-2019-4E9D-A3C5-41041D6DA1DA}
	EndGlobalSection
EndGlobal
